// !$*UTF8*$!
{
	archiveVersion = 1;
	classes = {
	};
	objectVersion = 51;
	objects = {

/* Begin PBXBuildFile section */
		0A85866BEEBB3E50DB7F90F1 /* ContainerManagerApp.swift in Sources */ = {isa = PBXBuildFile; fileRef = 2CC40B8EF79FFEC380B50634 /* ContainerManagerApp.swift */; };
		1C3C20D44DDFC59BD2E87931 /* ContainerDetailView.swift in Sources */ = {isa = PBXBuildFile; fileRef = 9385E63072681A78215F9DD8 /* ContainerDetailView.swift */; };
		24F28E224538981C8A3F005C /* ProjectRowView.swift in Sources */ = {isa = PBXBuildFile; fileRef = CD1A1D0668641CE99005F580 /* ProjectRowView.swift */; };
		41CAA61B7C2B1709B9C67152 /* MockAgentClient.swift in Sources */ = {isa = PBXBuildFile; fileRef = 9E0007F7150F9C5BC6FEF611 /* MockAgentClient.swift */; };
		658222FF3BC5C59FF638C7FD /* Localizable.xcstrings in Resources */ = {isa = PBXBuildFile; fileRef = 1EEDF8604DC528DF0A626884 /* Localizable.xcstrings */; };
		6A109091A8066AC8CA433028 /* ProjectsViewModel.swift in Sources */ = {isa = PBXBuildFile; fileRef = 25553194B7D3BF0818B64B1C /* ProjectsViewModel.swift */; };
		A447FA4E1930FAAE0CB46C44 /* AgentClient.swift in Sources */ = {isa = PBXBuildFile; fileRef = B653B3196CC1BC0290640B33 /* AgentClient.swift */; };
		AD8BDF3BB0C63BA210953D5E /* ContainerProject.swift in Sources */ = {isa = PBXBuildFile; fileRef = EF1A58A37F9420877F8BA6A5 /* ContainerProject.swift */; };
		DBF7577ED8C03F9AF80A8897 /* ProjectsListView.swift in Sources */ = {isa = PBXBuildFile; fileRef = 867A041689BF2C1B6AB11E97 /* ProjectsListView.swift */; };
/* End PBXBuildFile section */

/* Begin PBXFileReference section */
		1EEDF8604DC528DF0A626884 /* Localizable.xcstrings */ = {isa = PBXFileReference; path = Localizable.xcstrings; sourceTree = "<group>"; };
		25553194B7D3BF0818B64B1C /* ProjectsViewModel.swift */ = {isa = PBXFileReference; lastKnownFileType = sourcecode.swift; path = ProjectsViewModel.swift; sourceTree = "<group>"; };
		2CC40B8EF79FFEC380B50634 /* ContainerManagerApp.swift */ = {isa = PBXFileReference; lastKnownFileType = sourcecode.swift; path = ContainerManagerApp.swift; sourceTree = "<group>"; };
		867A041689BF2C1B6AB11E97 /* ProjectsListView.swift */ = {isa = PBXFileReference; lastKnownFileType = sourcecode.swift; path = ProjectsListView.swift; sourceTree = "<group>"; };
		9385E63072681A78215F9DD8 /* ContainerDetailView.swift */ = {isa = PBXFileReference; lastKnownFileType = sourcecode.swift; path = ContainerDetailView.swift; sourceTree = "<group>"; };
		9E0007F7150F9C5BC6FEF611 /* MockAgentClient.swift */ = {isa = PBXFileReference; lastKnownFileType = sourcecode.swift; path = MockAgentClient.swift; sourceTree = "<group>"; };
		A82659A9BB9E5D7DE74BD175 /* ContainerManager.app */ = {isa = PBXFileReference; includeInIndex = 0; lastKnownFileType = wrapper.application; path = ContainerManager.app; sourceTree = BUILT_PRODUCTS_DIR; };
		B653B3196CC1BC0290640B33 /* AgentClient.swift */ = {isa = PBXFileReference; lastKnownFileType = sourcecode.swift; path = AgentClient.swift; sourceTree = "<group>"; };
		CD1A1D0668641CE99005F580 /* ProjectRowView.swift */ = {isa = PBXFileReference; lastKnownFileType = sourcecode.swift; path = ProjectRowView.swift; sourceTree = "<group>"; };
		D79A151E1D0F78DDF6FFEAB3 /* Info.plist */ = {isa = PBXFileReference; lastKnownFileType = text.plist; path = Info.plist; sourceTree = "<group>"; };
		EF1A58A37F9420877F8BA6A5 /* ContainerProject.swift */ = {isa = PBXFileReference; lastKnownFileType = sourcecode.swift; path = ContainerProject.swift; sourceTree = "<group>"; };
/* End PBXFileReference section */

/* Begin PBXGroup section */
		039B396C51A4FBF64F0AA7D2 /* Views */ = {
			isa = PBXGroup;
			children = (
				CD1A1D0668641CE99005F580 /* ProjectRowView.swift */,
				867A041689BF2C1B6AB11E97 /* ProjectsListView.swift */,
			);
			path = Views;
			sourceTree = "<group>";
		};
		090DE6F238174EFB527E7E68 /* Resources */ = {
			isa = PBXGroup;
			children = (
				D79A151E1D0F78DDF6FFEAB3 /* Info.plist */,
				1EEDF8604DC528DF0A626884 /* Localizable.xcstrings */,
			);
			path = Resources;
			sourceTree = "<group>";
		};
		4D53C54106A1995FE8987EC0 /* ContainerDetail */ = {
			isa = PBXGroup;
			children = (
				AC061A1CB24AB6025251E063 /* Views */,
			);
			path = ContainerDetail;
			sourceTree = "<group>";
		};
		547B3ACA55A36FAC1CFC1874 /* Products */ = {
			isa = PBXGroup;
			children = (
				A82659A9BB9E5D7DE74BD175 /* ContainerManager.app */,
			);
			name = Products;
			sourceTree = "<group>";
		};
		AC061A1CB24AB6025251E063 /* Views */ = {
			isa = PBXGroup;
			children = (
				9385E63072681A78215F9DD8 /* ContainerDetailView.swift */,
			);
			path = Views;
			sourceTree = "<group>";
		};
		B328B4F54CD463F1A1503918 /* Projects */ = {
			isa = PBXGroup;
			children = (
				C50FA5A4467FE19A1411148C /* Models */,
				E540F5178009B448ACD4FF42 /* ViewModels */,
				039B396C51A4FBF64F0AA7D2 /* Views */,
			);
			path = Projects;
			sourceTree = "<group>";
		};
		C50FA5A4467FE19A1411148C /* Models */ = {
			isa = PBXGroup;
			children = (
				EF1A58A37F9420877F8BA6A5 /* ContainerProject.swift */,
			);
			path = Models;
			sourceTree = "<group>";
		};
		D24E99142875BADF4C66F7D5 /* Core */ = {
			isa = PBXGroup;
			children = (
				F034E494DF52F31E8DDA01DB /* Networking */,
			);
			path = Core;
			sourceTree = "<group>";
		};
		D27FF23C6C16F64EC1431A0F /* Features */ = {
			isa = PBXGroup;
			children = (
				4D53C54106A1995FE8987EC0 /* ContainerDetail */,
				B328B4F54CD463F1A1503918 /* Projects */,
			);
			path = Features;
			sourceTree = "<group>";
		};
		D7D1D4CC94E99245C291A7ED /* App */ = {
			isa = PBXGroup;
			children = (
				2CC40B8EF79FFEC380B50634 /* ContainerManagerApp.swift */,
			);
			path = App;
			sourceTree = "<group>";
		};
		E540F5178009B448ACD4FF42 /* ViewModels */ = {
			isa = PBXGroup;
			children = (
				25553194B7D3BF0818B64B1C /* ProjectsViewModel.swift */,
			);
			path = ViewModels;
			sourceTree = "<group>";
		};
		F034E494DF52F31E8DDA01DB /* Networking */ = {
			isa = PBXGroup;
			children = (
				B653B3196CC1BC0290640B33 /* AgentClient.swift */,
				9E0007F7150F9C5BC6FEF611 /* MockAgentClient.swift */,
			);
			path = Networking;
			sourceTree = "<group>";
		};
		F447FCD471936DFE2A5F8AFE = {
			isa = PBXGroup;
			children = (
				D7D1D4CC94E99245C291A7ED /* App */,
				D24E99142875BADF4C66F7D5 /* Core */,
				D27FF23C6C16F64EC1431A0F /* Features */,
				090DE6F238174EFB527E7E68 /* Resources */,
				547B3ACA55A36FAC1CFC1874 /* Products */,
			);
			sourceTree = "<group>";
		};
/* End PBXGroup section */

/* Begin PBXNativeTarget section */
		2CD6751DF80E1A80BC7BD8BE /* ContainerManager */ = {
			isa = PBXNativeTarget;
			buildConfigurationList = C8F173E1C73CA6DDE5F20760 /* Build configuration list for PBXNativeTarget "ContainerManager" */;
			buildPhases = (
				66A6405E000719C32E3DE9BD /* Sources */,
				DFE81062F80F1DA09777BAA4 /* Resources */,
			);
			buildRules = (
			);
			dependencies = (
			);
			name = ContainerManager;
			productName = ContainerManager;
			productReference = A82659A9BB9E5D7DE74BD175 /* ContainerManager.app */;
			productType = "com.apple.product-type.application";
		};
/* End PBXNativeTarget section */

/* Begin PBXProject section */
		DD2288E716054E66C3413AEA /* Project object */ = {
			isa = PBXProject;
			attributes = {
				LastUpgradeCheck = 1200;
				TargetAttributes = {
				};
			};
			buildConfigurationList = 20EDFE3623E52469E10699D4 /* Build configuration list for PBXProject "ContainerManager" */;
			compatibilityVersion = "Xcode 11.0";
			developmentRegion = en;
			hasScannedForEncodings = 0;
			knownRegions = (
				Base,
				en,
			);
			mainGroup = F447FCD471936DFE2A5F8AFE;
			projectDirPath = "";
			projectRoot = "";
			targets = (
				2CD6751DF80E1A80BC7BD8BE /* ContainerManager */,
			);
		};
/* End PBXProject section */

/* Begin PBXResourcesBuildPhase section */
		DFE81062F80F1DA09777BAA4 /* Resources */ = {
			isa = PBXResourcesBuildPhase;
			buildActionMask = 2147483647;
			files = (
				658222FF3BC5C59FF638C7FD /* Localizable.xcstrings in Resources */,
			);
			runOnlyForDeploymentPostprocessing = 0;
		};
/* End PBXResourcesBuildPhase section */

/* Begin PBXSourcesBuildPhase section */
		66A6405E000719C32E3DE9BD /* Sources */ = {
			isa = PBXSourcesBuildPhase;
			buildActionMask = 2147483647;
			files = (
				A447FA4E1930FAAE0CB46C44 /* AgentClient.swift in Sources */,
				1C3C20D44DDFC59BD2E87931 /* ContainerDetailView.swift in Sources */,
				0A85866BEEBB3E50DB7F90F1 /* ContainerManagerApp.swift in Sources */,
				AD8BDF3BB0C63BA210953D5E /* ContainerProject.swift in Sources */,
				41CAA61B7C2B1709B9C67152 /* MockAgentClient.swift in Sources */,
				24F28E224538981C8A3F005C /* ProjectRowView.swift in Sources */,
				DBF7577ED8C03F9AF80A8897 /* ProjectsListView.swift in Sources */,
				6A109091A8066AC8CA433028 /* ProjectsViewModel.swift in Sources */,
			);
			runOnlyForDeploymentPostprocessing = 0;
		};
/* End PBXSourcesBuildPhase section */

/* Begin XCBuildConfiguration section */
		2F80EE01F43516B5F1E3D53E /* Debug */ = {
			isa = XCBuildConfiguration;
			buildSettings = {
				ALWAYS_SEARCH_USER_PATHS = NO;
				CLANG_ANALYZER_NONNULL = YES;
				CLANG_ANALYZER_NUMBER_OBJECT_CONVERSION = YES_AGGRESSIVE;
				CLANG_CXX_LANGUAGE_STANDARD = "gnu++14";
				CLANG_CXX_LIBRARY = "libc++";
				CLANG_ENABLE_MODULES = YES;
				CLANG_ENABLE_OBJC_ARC = YES;
				CLANG_ENABLE_OBJC_WEAK = YES;
				CLANG_WARN_BLOCK_CAPTURE_AUTORELEASING = YES;
				CLANG_WARN_BOOL_CONVERSION = YES;
				CLANG_WARN_COMMA = YES;
				CLANG_WARN_CONSTANT_CONVERSION = YES;
				CLANG_WARN_DEPRECATED_OBJC_IMPLEMENTATIONS = YES;
				CLANG_WARN_DIRECT_OBJC_ISA_USAGE = YES_ERROR;
				CLANG_WARN_DOCUMENTATION_COMMENTS = YES;
				CLANG_WARN_EMPTY_BODY = YES;
				CLANG_WARN_ENUM_CONVERSION = YES;
				CLANG_WARN_INFINITE_RECURSION = YES;
				CLANG_WARN_INT_CONVERSION = YES;
				CLANG_WARN_NON_LITERAL_NULL_CONVERSION = YES;
				CLANG_WARN_OBJC_IMPLICIT_RETAIN_SELF = YES;
				CLANG_WARN_OBJC_LITERAL_CONVERSION = YES;
				CLANG_WARN_OBJC_ROOT_CLASS = YES_ERROR;
				CLANG_WARN_QUOTED_INCLUDE_IN_FRAMEWORK_HEADER = YES;
				CLANG_WARN_RANGE_LOOP_ANALYSIS = YES;
				CLANG_WARN_STRICT_PROTOTYPES = YES;
				CLANG_WARN_SUSPICIOUS_MOVE = YES;
				CLANG_WARN_UNGUARDED_AVAILABILITY = YES_AGGRESSIVE;
				CLANG_WARN_UNREACHABLE_CODE = YES;
				CLANG_WARN__DUPLICATE_METHOD_MATCH = YES;
				COPY_PHASE_STRIP = NO;
				DEBUG_INFORMATION_FORMAT = dwarf;
				ENABLE_STRICT_OBJC_MSGSEND = YES;
				ENABLE_TESTABILITY = YES;
				GCC_C_LANGUAGE_STANDARD = gnu11;
				GCC_DYNAMIC_NO_PIC = NO;
				GCC_NO_COMMON_BLOCKS = YES;
				GCC_OPTIMIZATION_LEVEL = 0;
				GCC_PREPROCESSOR_DEFINITIONS = (
					"$(inherited)",
					"DEBUG=1",
				);
				GCC_WARN_64_TO_32_BIT_CONVERSION = YES;
				GCC_WARN_ABOUT_RETURN_TYPE = YES_ERROR;
				GCC_WARN_UNDECLARED_SELECTOR = YES;
				GCC_WARN_UNINITIALIZED_AUTOS = YES_AGGRESSIVE;
				GCC_WARN_UNUSED_FUNCTION = YES;
				GCC_WARN_UNUSED_VARIABLE = YES;
				IPHONEOS_DEPLOYMENT_TARGET = 18.0;
				MTL_ENABLE_DEBUG_INFO = INCLUDE_SOURCE;
				MTL_FAST_MATH = YES;
				ONLY_ACTIVE_ARCH = YES;
				PRODUCT_NAME = "$(TARGET_NAME)";
				SDKROOT = iphoneos;
				SWIFT_ACTIVE_COMPILATION_CONDITIONS = DEBUG;
				SWIFT_OPTIMIZATION_LEVEL = "-Onone";
				SWIFT_VERSION = 6.0;
			};
			name = Debug;
		};
		3473DA8CB06E29FFBD73A1E4 /* Release */ = {
			isa = XCBuildConfiguration;
			buildSettings = {
				ASSETCATALOG_COMPILER_APPICON_NAME = AppIcon;
				CODE_SIGN_IDENTITY = "iPhone Developer";
				INFOPLIST_FILE = Resources/Info.plist;
				LD_RUNPATH_SEARCH_PATHS = (
					"$(inherited)",
					"@executable_path/Frameworks",
				);
				PRODUCT_BUNDLE_IDENTIFIER = com.ostin.containermanager;
				SDKROOT = iphoneos;
				TARGETED_DEVICE_FAMILY = 1;
			};
			name = Release;
		};
		70D9EA7B229FBF784819B589 /* Debug */ = {
			isa = XCBuildConfiguration;
			buildSettings = {
				ASSETCATALOG_COMPILER_APPICON_NAME = AppIcon;
				CODE_SIGN_IDENTITY = "iPhone Developer";
				INFOPLIST_FILE = Resources/Info.plist;
				LD_RUNPATH_SEARCH_PATHS = (
					"$(inherited)",
					"@executable_path/Frameworks",
				);
				PRODUCT_BUNDLE_IDENTIFIER = com.ostin.containermanager;
				SDKROOT = iphoneos;
				TARGETED_DEVICE_FAMILY = 1;
			};
			name = Debug;
		};
		A5F276C57987D23F824EBE19 /* Release */ = {
			isa = XCBuildConfiguration;
			buildSettings = {
				ALWAYS_SEARCH_USER_PATHS = NO;
				CLANG_ANALYZER_NONNULL = YES;
				CLANG_ANALYZER_NUMBER_OBJECT_CONVERSION = YES_AGGRESSIVE;
				CLANG_CXX_LANGUAGE_STANDARD = "gnu++14";
				CLANG_CXX_LIBRARY = "libc++";
				CLANG_ENABLE_MODULES = YES;
				CLANG_ENABLE_OBJC_ARC = YES;
				CLANG_ENABLE_OBJC_WEAK = YES;
				CLANG_WARN_BLOCK_CAPTURE_AUTORELEASING = YES;
				CLANG_WARN_BOOL_CONVERSION = YES;
				CLANG_WARN_COMMA = YES;
				CLANG_WARN_CONSTANT_CONVERSION = YES;
				CLANG_WARN_DEPRECATED_OBJC_IMPLEMENTATIONS = YES;
				CLANG_WARN_DIRECT_OBJC_ISA_USAGE = YES_ERROR;
				CLANG_WARN_DOCUMENTATION_COMMENTS = YES;
				CLANG_WARN_EMPTY_BODY = YES;
				CLANG_WARN_ENUM_CONVERSION = YES;
				CLANG_WARN_INFINITE_RECURSION = YES;
				CLANG_WARN_INT_CONVERSION = YES;
				CLANG_WARN_NON_LITERAL_NULL_CONVERSION = YES;
				CLANG_WARN_OBJC_IMPLICIT_RETAIN_SELF = YES;
				CLANG_WARN_OBJC_LITERAL_CONVERSION = YES;
				CLANG_WARN_OBJC_ROOT_CLASS = YES_ERROR;
				CLANG_WARN_QUOTED_INCLUDE_IN_FRAMEWORK_HEADER = YES;
				CLANG_WARN_RANGE_LOOP_ANALYSIS = YES;
				CLANG_WARN_STRICT_PROTOTYPES = YES;
				CLANG_WARN_SUSPICIOUS_MOVE = YES;
				CLANG_WARN_UNGUARDED_AVAILABILITY = YES_AGGRESSIVE;
				CLANG_WARN_UNREACHABLE_CODE = YES;
				CLANG_WARN__DUPLICATE_METHOD_MATCH = YES;
				COPY_PHASE_STRIP = NO;
				DEBUG_INFORMATION_FORMAT = "dwarf-with-dsym";
				ENABLE_NS_ASSERTIONS = NO;
				ENABLE_STRICT_OBJC_MSGSEND = YES;
				GCC_C_LANGUAGE_STANDARD = gnu11;
				GCC_NO_COMMON_BLOCKS = YES;
				GCC_WARN_64_TO_32_BIT_CONVERSION = YES;
				GCC_WARN_ABOUT_RETURN_TYPE = YES_ERROR;
				GCC_WARN_UNDECLARED_SELECTOR = YES;
				GCC_WARN_UNINITIALIZED_AUTOS = YES_AGGRESSIVE;
				GCC_WARN_UNUSED_FUNCTION = YES;
				GCC_WARN_UNUSED_VARIABLE = YES;
				IPHONEOS_DEPLOYMENT_TARGET = 18.0;
				MTL_ENABLE_DEBUG_INFO = NO;
				MTL_FAST_MATH = YES;
				PRODUCT_NAME = "$(TARGET_NAME)";
				SDKROOT = iphoneos;
				SWIFT_COMPILATION_MODE = wholemodule;
				SWIFT_OPTIMIZATION_LEVEL = "-O";
				SWIFT_VERSION = 6.0;
			};
			name = Release;
		};
/* End XCBuildConfiguration section */

/* Begin XCConfigurationList section */
		20EDFE3623E52469E10699D4 /* Build configuration list for PBXProject "ContainerManager" */ = {
			isa = XCConfigurationList;
			buildConfigurations = (
				2F80EE01F43516B5F1E3D53E /* Debug */,
				A5F276C57987D23F824EBE19 /* Release */,
			);
			defaultConfigurationIsVisible = 0;
			defaultConfigurationName = Debug;
		};
		C8F173E1C73CA6DDE5F20760 /* Build configuration list for PBXNativeTarget "ContainerManager" */ = {
			isa = XCConfigurationList;
			buildConfigurations = (
				70D9EA7B229FBF784819B589 /* Debug */,
				3473DA8CB06E29FFBD73A1E4 /* Release */,
			);
			defaultConfigurationIsVisible = 0;
			defaultConfigurationName = Debug;
		};
/* End XCConfigurationList section */
	};
	rootObject = DD2288E716054E66C3413AEA /* Project object */;
}
